
Microsoft Visual Studio Solution File, Format Version 12.00
Project("{FAE04EC0-301F-11D3-BF4B-00C04F79EFBC}") = "WebApi", "WebApi\WebApi.csproj", "{A98D06CE-F39D-4187-9CBE-435E4B2436F0}"
EndProject
Project("{FAE04EC0-301F-11D3-BF4B-00C04F79EFBC}") = "Domain", "Domain\Domain.csproj", "{C8F32BBB-3648-47D4-91A4-42E8BCDCD53B}"
EndProject
Project("{FAE04EC0-301F-11D3-BF4B-00C04F79EFBC}") = "Application", "Application\Application.csproj", "{9AAAEE0F-2796-4399-BEB5-EFD307BCD53C}"
EndProject
Project("{FAE04EC0-301F-11D3-BF4B-00C04F79EFBC}") = "Infrastructure", "Infrastructure\Infrastructure.csproj", "{DD4ABBD6-4A7C-44E3-B647-70FAD2D4841B}"
EndProject
Project("{FAE04EC0-301F-11D3-BF4B-00C04F79EFBC}") = "Presentation", "Presentation\Presentation.csproj", "{BE9F1BB6-9D9E-4F37-AC9F-38FC5028D064}"
EndProject
Project("{2150E333-8FDC-42A3-9474-1A3956D46DE8}") = "src", "src", "{06263810-5DB9-41D2-90A6-3C5D749CC818}"
EndProject
Global
	GlobalSection(SolutionConfigurationPlatforms) = preSolution
		Debug|Any CPU = Debug|Any CPU
		Release|Any CPU = Release|Any CPU
	EndGlobalSection
	GlobalSection(ProjectConfigurationPlatforms) = postSolution
		{A98D06CE-F39D-4187-9CBE-435E4B2436F0}.Debug|Any CPU.ActiveCfg = Debug|Any CPU
		{A98D06CE-F39D-4187-9CBE-435E4B2436F0}.Debug|Any CPU.Build.0 = Debug|Any CPU
		{A98D06CE-F39D-4187-9CBE-435E4B2436F0}.Release|Any CPU.ActiveCfg = Release|Any CPU
		{A98D06CE-F39D-4187-9CBE-435E4B2436F0}.Release|Any CPU.Build.0 = Release|Any CPU
		{C8F32BBB-3648-47D4-91A4-42E8BCDCD53B}.Debug|Any CPU.ActiveCfg = Debug|Any CPU
		{C8F32BBB-3648-47D4-91A4-42E8BCDCD53B}.Debug|Any CPU.Build.0 = Debug|Any CPU
		{C8F32BBB-3648-47D4-91A4-42E8BCDCD53B}.Release|Any CPU.ActiveCfg = Release|Any CPU
		{C8F32BBB-3648-47D4-91A4-42E8BCDCD53B}.Release|Any CPU.Build.0 = Release|Any CPU
		{9AAAEE0F-2796-4399-BEB5-EFD307BCD53C}.Debug|Any CPU.ActiveCfg = Debug|Any CPU
		{9AAAEE0F-2796-4399-BEB5-EFD307BCD53C}.Debug|Any CPU.Build.0 = Debug|Any CPU
		{9AAAEE0F-2796-4399-BEB5-EFD307BCD53C}.Release|Any CPU.ActiveCfg = Release|Any CPU
		{9AAAEE0F-2796-4399-BEB5-EFD307BCD53C}.Release|Any CPU.Build.0 = Release|Any CPU
		{DD4ABBD6-4A7C-44E3-B647-70FAD2D4841B}.Debug|Any CPU.ActiveCfg = Debug|Any CPU
		{DD4ABBD6-4A7C-44E3-B647-70FAD2D4841B}.Debug|Any CPU.Build.0 = Debug|Any CPU
		{DD4ABBD6-4A7C-44E3-B647-70FAD2D4841B}.Release|Any CPU.ActiveCfg = Release|Any CPU
		{DD4ABBD6-4A7C-44E3-B647-70FAD2D4841B}.Release|Any CPU.Build.0 = Release|Any CPU
		{BE9F1BB6-9D9E-4F37-AC9F-38FC5028D064}.Debug|Any CPU.ActiveCfg = Debug|Any CPU
		{BE9F1BB6-9D9E-4F37-AC9F-38FC5028D064}.Debug|Any CPU.Build.0 = Debug|Any CPU
		{BE9F1BB6-9D9E-4F37-AC9F-38FC5028D064}.Release|Any CPU.ActiveCfg = Release|Any CPU
		{BE9F1BB6-9D9E-4F37-AC9F-38FC5028D064}.Release|Any CPU.Build.0 = Release|Any CPU
	EndGlobalSection
	GlobalSection(NestedProjects) = preSolution
		{9AAAEE0F-2796-4399-BEB5-EFD307BCD53C} = {06263810-5DB9-41D2-90A6-3C5D749CC818}
		{C8F32BBB-3648-47D4-91A4-42E8BCDCD53B} = {06263810-5DB9-41D2-90A6-3C5D749CC818}
		{DD4ABBD6-4A7C-44E3-B647-70FAD2D4841B} = {06263810-5DB9-41D2-90A6-3C5D749CC818}
		{BE9F1BB6-9D9E-4F37-AC9F-38FC5028D064} = {06263810-5DB9-41D2-90A6-3C5D749CC818}
		{A98D06CE-F39D-4187-9CBE-435E4B2436F0} = {06263810-5DB9-41D2-90A6-3C5D749CC818}
	EndGlobalSection
EndGlobal
